
Microsoft Visual Studio Solution File, Format Version 12.00
# Visual Studio Version 17
VisualStudioVersion = 17.13.35919.96
MinimumVisualStudioVersion = 10.0.40219.1
Project("{FAE04EC0-301F-11D3-BF4B-00C04F79EFBC}") = "GoogleMapSDK.API", "GoogleMapSDK.API\GoogleMapSDK.API.csproj", "{C450F8D7-49E7-4148-816A-275CAA3437F5}"
EndProject
Project("{FAE04EC0-301F-11D3-BF4B-00C04F79EFBC}") = "GoogleMapSDK.Core", "GoogleMapSDK.Core\GoogleMapSDK.Core.csproj", "{93D518F9-68A9-4589-84FC-5FF35D63D8B1}"
EndProject
Project("{FAE04EC0-301F-11D3-BF4B-00C04F79EFBC}") = "GoogleMapSDK.UI.Winform", "GoogleMapSDK.UI.Winform\GoogleMapSDK.UI.Winform.csproj", "{ED793D1F-2DD7-4291-B875-9181A9310667}"
EndProject
Project("{FAE04EC0-301F-11D3-BF4B-00C04F79EFBC}") = "GoogleMapSDK.Contract", "GoogleMapSDK.Contract\GoogleMapSDK.Contract.csproj", "{89AAEC00-9D8D-4DA1-9B44-284BD2F7D8BE}"
EndProject
Project("{FAE04EC0-301F-11D3-BF4B-00C04F79EFBC}") = "GoogleMapSDK.UI.Winform.Test", "GoogleMapSDK.UI.Winform.Test\GoogleMapSDK.UI.Winform.Test.csproj", "{DE66005F-0BAD-4492-9A69-D8CBD189900D}"
EndProject
Project("{FAE04EC0-301F-11D3-BF4B-00C04F79EFBC}") = "GoogleMapSDK.UI.WPF", "GoogleMapSDK.UI.WPF\GoogleMapSDK.UI.WPF.csproj", "{8F877E13-4129-4419-8DDE-C35B524D79EA}"
EndProject
Global
	GlobalSection(SolutionConfigurationPlatforms) = preSolution
		Debug|Any CPU = Debug|Any CPU
		Release|Any CPU = Release|Any CPU
	EndGlobalSection
	GlobalSection(ProjectConfigurationPlatforms) = postSolution
		{C450F8D7-49E7-4148-816A-275CAA3437F5}.Debug|Any CPU.ActiveCfg = Debug|Any CPU
		{C450F8D7-49E7-4148-816A-275CAA3437F5}.Debug|Any CPU.Build.0 = Debug|Any CPU
		{C450F8D7-49E7-4148-816A-275CAA3437F5}.Release|Any CPU.ActiveCfg = Release|Any CPU
		{C450F8D7-49E7-4148-816A-275CAA3437F5}.Release|Any CPU.Build.0 = Release|Any CPU
		{93D518F9-68A9-4589-84FC-5FF35D63D8B1}.Debug|Any CPU.ActiveCfg = Debug|Any CPU
		{93D518F9-68A9-4589-84FC-5FF35D63D8B1}.Debug|Any CPU.Build.0 = Debug|Any CPU
		{93D518F9-68A9-4589-84FC-5FF35D63D8B1}.Release|Any CPU.ActiveCfg = Release|Any CPU
		{93D518F9-68A9-4589-84FC-5FF35D63D8B1}.Release|Any CPU.Build.0 = Release|Any CPU
		{ED793D1F-2DD7-4291-B875-9181A9310667}.Debug|Any CPU.ActiveCfg = Debug|Any CPU
		{ED793D1F-2DD7-4291-B875-9181A9310667}.Debug|Any CPU.Build.0 = Debug|Any CPU
		{ED793D1F-2DD7-4291-B875-9181A9310667}.Release|Any CPU.ActiveCfg = Release|Any CPU
		{ED793D1F-2DD7-4291-B875-9181A9310667}.Release|Any CPU.Build.0 = Release|Any CPU
		{89AAEC00-9D8D-4DA1-9B44-284BD2F7D8BE}.Debug|Any CPU.ActiveCfg = Debug|Any CPU
		{89AAEC00-9D8D-4DA1-9B44-284BD2F7D8BE}.Debug|Any CPU.Build.0 = Debug|Any CPU
		{89AAEC00-9D8D-4DA1-9B44-284BD2F7D8BE}.Release|Any CPU.ActiveCfg = Release|Any CPU
		{89AAEC00-9D8D-4DA1-9B44-284BD2F7D8BE}.Release|Any CPU.Build.0 = Release|Any CPU
		{DE66005F-0BAD-4492-9A69-D8CBD189900D}.Debug|Any CPU.ActiveCfg = Debug|Any CPU
		{DE66005F-0BAD-4492-9A69-D8CBD189900D}.Debug|Any CPU.Build.0 = Debug|Any CPU
		{DE66005F-0BAD-4492-9A69-D8CBD189900D}.Release|Any CPU.ActiveCfg = Release|Any CPU
		{DE66005F-0BAD-4492-9A69-D8CBD189900D}.Release|Any CPU.Build.0 = Release|Any CPU
		{8F877E13-4129-4419-8DDE-C35B524D79EA}.Debug|Any CPU.ActiveCfg = Debug|Any CPU
		{8F877E13-4129-4419-8DDE-C35B524D79EA}.Debug|Any CPU.Build.0 = Debug|Any CPU
		{8F877E13-4129-4419-8DDE-C35B524D79EA}.Release|Any CPU.ActiveCfg = Release|Any CPU
		{8F877E13-4129-4419-8DDE-C35B524D79EA}.Release|Any CPU.Build.0 = Release|Any CPU
	EndGlobalSection
	GlobalSection(SolutionProperties) = preSolution
		HideSolutionNode = FALSE
	EndGlobalSection
	GlobalSection(ExtensibilityGlobals) = postSolution
		SolutionGuid = {B063197E-30B3-433B-9E4D-448C7D862E38}
	EndGlobalSection
EndGlobal
